# THIS IS AN AUTOGENERATED FILE. DO NOT EDIT THIS FILE DIRECTLY.
# yarn lockfile v1


graphql@^0.13.2:
  version "0.13.2"
  resolved "https://registry.yarnpkg.com/graphql/-/graphql-0.13.2.tgz#4c740ae3c222823e7004096f832e7b93b2108270"
  dependencies:
    iterall "^1.2.1"

iterall@^1.2.1:
  version "1.2.2"
  resolved "https://registry.yarnpkg.com/iterall/-/iterall-1.2.2.tgz#92d70deb8028e0c39ff3164fdbf4d8b088130cd7"

ramda@^0.25.0:
  version "0.25.0"
  resolved "https://registry.yarnpkg.com/ramda/-/ramda-0.25.0.tgz#8fdf68231cffa90bc2f9460390a0cb74a29b29a9"

serverless-appsync-plugin@^1.0.1:
  version "1.0.1"
  resolved "https://registry.yarnpkg.com/serverless-appsync-plugin/-/serverless-appsync-plugin-1.0.1.tgz#9ca0de0effba4bc5498d3c69155ddc98b0b70130"
  dependencies:
    graphql "^0.13.2"
    ramda "^0.25.0"

serverless-plugin-tracing@^2.0.0:
  version "2.0.0"
  resolved "https://registry.yarnpkg.com/serverless-plugin-tracing/-/serverless-plugin-tracing-2.0.0.tgz#df6b8b3166ac9bb70a37c7fc875014b2369158f6"
